
Microsoft Visual Studio Solution File, Format Version 12.00
# Visual Studio Version 17
VisualStudioVersion = 17.6.33712.159
MinimumVisualStudioVersion = 10.0.40219.1
Project("{FAE04EC0-301F-11D3-BF4B-00C04F79EFBC}") = "MusicMana", "MusicMana\MusicMana.csproj", "{F08D66A4-DC86-4CD0-BA12-76D350C44165}"
EndProject
Project("{FAE04EC0-301F-11D3-BF4B-00C04F79EFBC}") = "MusicManaApi", "MusicManaApi\MusicManaApi.csproj", "{7EB50341-C149-4F68-B2AD-2C56D6AFB8EE}"
EndProject
Global
	GlobalSection(SolutionConfigurationPlatforms) = preSolution
		Debug|Any CPU = Debug|Any CPU
		Release|Any CPU = Release|Any CPU
	EndGlobalSection
	GlobalSection(ProjectConfigurationPlatforms) = postSolution
		{F08D66A4-DC86-4CD0-BA12-76D350C44165}.Debug|Any CPU.ActiveCfg = Debug|Any CPU
		{F08D66A4-DC86-4CD0-BA12-76D350C44165}.Debug|Any CPU.Build.0 = Debug|Any CPU
		{F08D66A4-DC86-4CD0-BA12-76D350C44165}.Release|Any CPU.ActiveCfg = Release|Any CPU
		{F08D66A4-DC86-4CD0-BA12-76D350C44165}.Release|Any CPU.Build.0 = Release|Any CPU
		{7EB50341-C149-4F68-B2AD-2C56D6AFB8EE}.Debug|Any CPU.ActiveCfg = Debug|Any CPU
		{7EB50341-C149-4F68-B2AD-2C56D6AFB8EE}.Debug|Any CPU.Build.0 = Debug|Any CPU
		{7EB50341-C149-4F68-B2AD-2C56D6AFB8EE}.Release|Any CPU.ActiveCfg = Release|Any CPU
		{7EB50341-C149-4F68-B2AD-2C56D6AFB8EE}.Release|Any CPU.Build.0 = Release|Any CPU
	EndGlobalSection
	GlobalSection(SolutionProperties) = preSolution
		HideSolutionNode = FALSE
	EndGlobalSection
	GlobalSection(ExtensibilityGlobals) = postSolution
		SolutionGuid = {DC901B89-D211-407F-ABFC-FF6FA4CEE54B}
	EndGlobalSection
EndGlobal
